// !$*UTF8*$!
{
	archiveVersion = 1;
	classes = {
	};
	objectVersion = 45;
	objects = {

/* Begin PBXBuildFile section */
		1D3623260D0F684500981E51 /* Inauguration_ReportAppDelegate.m in Sources */ = {isa = PBXBuildFile; fileRef = 1D3623250D0F684500981E51 /* Inauguration_ReportAppDelegate.m */; };
		1D60589B0D05DD56006BFB54 /* main.m in Sources */ = {isa = PBXBuildFile; fileRef = 29B97316FDCFA39411CA2CEA /* main.m */; };
		1D60589F0D05DD5A006BFB54 /* Foundation.framework in Frameworks */ = {isa = PBXBuildFile; fileRef = 1D30AB110D05D00D00671497 /* Foundation.framework */; };
		1DF5F4E00D08C38300B7A737 /* UIKit.framework in Frameworks */ = {isa = PBXBuildFile; fileRef = 1DF5F4DF0D08C38300B7A737 /* UIKit.framework */; };
		288765080DF74369002DB57D /* CoreGraphics.framework in Frameworks */ = {isa = PBXBuildFile; fileRef = 288765070DF74369002DB57D /* CoreGraphics.framework */; };
		28AD73880D9D96C1002E5188 /* MainWindow.xib in Resources */ = {isa = PBXBuildFile; fileRef = 28AD73870D9D96C1002E5188 /* MainWindow.xib */; };
		51A038E60F1716D00084BE1A /* AudioToolbox.framework in Frameworks */ = {isa = PBXBuildFile; fileRef = 51A038E50F1716D00084BE1A /* AudioToolbox.framework */; };
		51A038EB0F1716F00084BE1A /* QuartzCore.framework in Frameworks */ = {isa = PBXBuildFile; fileRef = 51A038EA0F1716F00084BE1A /* QuartzCore.framework */; };
		51A039700F1725C40084BE1A /* AudioPlayer.m in Sources */ = {isa = PBXBuildFile; fileRef = 51A0395F0F1725C40084BE1A /* AudioPlayer.m */; };
		51A039710F1725C40084BE1A /* AudioQueueObject.m in Sources */ = {isa = PBXBuildFile; fileRef = 51A039610F1725C40084BE1A /* AudioQueueObject.m */; };
		51A039720F1725C40084BE1A /* AudioRecorder.m in Sources */ = {isa = PBXBuildFile; fileRef = 51A039630F1725C40084BE1A /* AudioRecorder.m */; };
		51A039740F1725C40084BE1A /* CellButton.m in Sources */ = {isa = PBXBuildFile; fileRef = 51A039670F1725C40084BE1A /* CellButton.m */; };
		51A039750F1725C40084BE1A /* CellPicker.m in Sources */ = {isa = PBXBuildFile; fileRef = 51A039690F1725C40084BE1A /* CellPicker.m */; };
		51A039760F1725C40084BE1A /* CellSlider.m in Sources */ = {isa = PBXBuildFile; fileRef = 51A0396B0F1725C40084BE1A /* CellSlider.m */; };
		51A039770F1725C40084BE1A /* CellTextField.m in Sources */ = {isa = PBXBuildFile; fileRef = 51A0396D0F1725C40084BE1A /* CellTextField.m */; };
		51A039780F1725C40084BE1A /* CellTextView.m in Sources */ = {isa = PBXBuildFile; fileRef = 51A0396F0F1725C40084BE1A /* CellTextView.m */; };
		51A0397F0F1725D30084BE1A /* DisplayCell.m in Sources */ = {isa = PBXBuildFile; fileRef = 51A0397A0F1725D30084BE1A /* DisplayCell.m */; };
		51A039800F1725D30084BE1A /* DisplayCell2.m in Sources */ = {isa = PBXBuildFile; fileRef = 51A0397C0F1725D30084BE1A /* DisplayCell2.m */; };
		51A039810F1725D30084BE1A /* EditableTableViewCell.m in Sources */ = {isa = PBXBuildFile; fileRef = 51A0397E0F1725D30084BE1A /* EditableTableViewCell.m */; };
		51A039840F1725E30084BE1A /* SourceCell.m in Sources */ = {isa = PBXBuildFile; fileRef = 51A039830F1725E30084BE1A /* SourceCell.m */; };
		51A039860F17263B0084BE1A /* TextReportView.xib in Resources */ = {isa = PBXBuildFile; fileRef = 51A039850F17263B0084BE1A /* TextReportView.xib */; };
		51A039880F1726420084BE1A /* PhotoReportView.xib in Resources */ = {isa = PBXBuildFile; fileRef = 51A039870F1726420084BE1A /* PhotoReportView.xib */; };
		51A0398A0F1726490084BE1A /* AudioReportView.xib in Resources */ = {isa = PBXBuildFile; fileRef = 51A039890F1726490084BE1A /* AudioReportView.xib */; };
		51A0398D0F17267D0084BE1A /* TextReportView.m in Sources */ = {isa = PBXBuildFile; fileRef = 51A0398C0F17267D0084BE1A /* TextReportView.m */; };
		51A039900F17268D0084BE1A /* AudioReportView.m in Sources */ = {isa = PBXBuildFile; fileRef = 51A0398F0F17268D0084BE1A /* AudioReportView.m */; };
		51A039930F17269A0084BE1A /* PhotoReportView.m in Sources */ = {isa = PBXBuildFile; fileRef = 51A039920F17269A0084BE1A /* PhotoReportView.m */; };
		51A03A5A0F1737950084BE1A /* Post.m in Sources */ = {isa = PBXBuildFile; fileRef = 51A03A590F1737950084BE1A /* Post.m */; };
		51A03A630F1737E00084BE1A /* DbHelper.m in Sources */ = {isa = PBXBuildFile; fileRef = 51A03A620F1737E00084BE1A /* DbHelper.m */; };
		51A03A650F1738070084BE1A /* libsqlite3.0.dylib in Frameworks */ = {isa = PBXBuildFile; fileRef = 51A03A640F1738070084BE1A /* libsqlite3.0.dylib */; };
		51A03A670F17381A0084BE1A /* inaugreportdb.sqlite in Resources */ = {isa = PBXBuildFile; fileRef = 51A03A660F17381A0084BE1A /* inaugreportdb.sqlite */; };
		51A03A6A0F1738B10084BE1A /* ReportListView.m in Sources */ = {isa = PBXBuildFile; fileRef = 51A03A680F1738B10084BE1A /* ReportListView.m */; };
		51A03A750F1739640084BE1A /* PostTableCell.m in Sources */ = {isa = PBXBuildFile; fileRef = 51A03A720F1739640084BE1A /* PostTableCell.m */; };
		51A03A760F1739640084BE1A /* PostTableCellView.m in Sources */ = {isa = PBXBuildFile; fileRef = 51A03A740F1739640084BE1A /* PostTableCellView.m */; };
		51A03A8A0F1739FB0084BE1A /* BlogProxy.m in Sources */ = {isa = PBXBuildFile; fileRef = 51A03A870F1739FB0084BE1A /* BlogProxy.m */; };
		51A03A8B0F1739FB0084BE1A /* BlogThread.m in Sources */ = {isa = PBXBuildFile; fileRef = 51A03A890F1739FB0084BE1A /* BlogThread.m */; };
		51A03A8E0F173A0D0084BE1A /* Util.m in Sources */ = {isa = PBXBuildFile; fileRef = 51A03A8D0F173A0D0084BE1A /* Util.m */; };
		51A03B730F1745080084BE1A /* done.png in Resources */ = {isa = PBXBuildFile; fileRef = 51A03B720F1745080084BE1A /* done.png */; };
		51A03B750F1745120084BE1A /* hourglass.png in Resources */ = {isa = PBXBuildFile; fileRef = 51A03B740F1745120084BE1A /* hourglass.png */; };
		51A03B790F1745250084BE1A /* txt_entry.png in Resources */ = {isa = PBXBuildFile; fileRef = 51A03B780F1745250084BE1A /* txt_entry.png */; };
		51A03CFA0F1756C90084BE1A /* soundbar_mono.png in Resources */ = {isa = PBXBuildFile; fileRef = 51A03CF80F1756C90084BE1A /* soundbar_mono.png */; };
		51A03CFB0F1756C90084BE1A /* soundbar_plate_mono.png in Resources */ = {isa = PBXBuildFile; fileRef = 51A03CF90F1756C90084BE1A /* soundbar_plate_mono.png */; };
		51C0BB080F180F2300899D5D /* Icon.png in Resources */ = {isa = PBXBuildFile; fileRef = 51C0BB070F180F2300899D5D /* Icon.png */; };
		51C0BB0B0F180F5200899D5D /* Default.png in Resources */ = {isa = PBXBuildFile; fileRef = 51C0BB0A0F180F5200899D5D /* Default.png */; };
		51C0BBF50F18390700899D5D /* CreditView.xib in Resources */ = {isa = PBXBuildFile; fileRef = 51C0BBF40F18390700899D5D /* CreditView.xib */; };
		51C0BBF80F18392B00899D5D /* CreditView.m in Sources */ = {isa = PBXBuildFile; fileRef = 51C0BBF70F18392B00899D5D /* CreditView.m */; };
		51C0BCA20F1849AD00899D5D /* inaug_report_no_seal_.png in Resources */ = {isa = PBXBuildFile; fileRef = 51C0BCA10F1849AD00899D5D /* inaug_report_no_seal_.png */; };
		51C0BCA90F1853C000899D5D /* inaug_report_no_txt_.png in Resources */ = {isa = PBXBuildFile; fileRef = 51C0BCA80F1853C000899D5D /* inaug_report_no_txt_.png */; };
		51C0BCAB0F1853E700899D5D /* submit.png in Resources */ = {isa = PBXBuildFile; fileRef = 51C0BCAA0F1853E700899D5D /* submit.png */; };
		51C0BCCF0F1855A400899D5D /* play.png in Resources */ = {isa = PBXBuildFile; fileRef = 51C0BCCE0F1855A400899D5D /* play.png */; };
		51C0BCD10F1855AC00899D5D /* record.png in Resources */ = {isa = PBXBuildFile; fileRef = 51C0BCD00F1855AC00899D5D /* record.png */; };
		51C0BCD30F1855B300899D5D /* stop.png in Resources */ = {isa = PBXBuildFile; fileRef = 51C0BCD20F1855B300899D5D /* stop.png */; };
		51C0BCD50F1855B900899D5D /* pause.png in Resources */ = {isa = PBXBuildFile; fileRef = 51C0BCD40F1855B900899D5D /* pause.png */; };
		51C0BD220F1857FC00899D5D /* back.png in Resources */ = {isa = PBXBuildFile; fileRef = 51C0BD200F1857FC00899D5D /* back.png */; };
		51C0BD230F1857FC00899D5D /* cancel.png in Resources */ = {isa = PBXBuildFile; fileRef = 51C0BD210F1857FC00899D5D /* cancel.png */; };
		51C0BD260F18580A00899D5D /* register.png in Resources */ = {isa = PBXBuildFile; fileRef = 51C0BD240F18580A00899D5D /* register.png */; };
		51C0BD270F18580A00899D5D /* save.png in Resources */ = {isa = PBXBuildFile; fileRef = 51C0BD250F18580A00899D5D /* save.png */; };
		51C0BD7D0F185B6000899D5D /* RegistrationView.xib in Resources */ = {isa = PBXBuildFile; fileRef = 51C0BD7C0F185B6000899D5D /* RegistrationView.xib */; };
		51C0BDA40F185D1000899D5D /* inaug_report_plain.png in Resources */ = {isa = PBXBuildFile; fileRef = 51C0BDA30F185D1000899D5D /* inaug_report_plain.png */; };
		51C0BDAC0F185E5600899D5D /* f_name.png in Resources */ = {isa = PBXBuildFile; fileRef = 51C0BDAB0F185E5600899D5D /* f_name.png */; };
		51C0BDE90F18644E00899D5D /* l_name.png in Resources */ = {isa = PBXBuildFile; fileRef = 51C0BDE80F18644E00899D5D /* l_name.png */; };
		51C0BDEB0F18645600899D5D /* email.png in Resources */ = {isa = PBXBuildFile; fileRef = 51C0BDEA0F18645600899D5D /* email.png */; };
		51C0BDED0F18645E00899D5D /* zip.png in Resources */ = {isa = PBXBuildFile; fileRef = 51C0BDEC0F18645E00899D5D /* zip.png */; };
		51C0BEFC0F187BCD00899D5D /* Reporter.m in Sources */ = {isa = PBXBuildFile; fileRef = 51C0BEF80F187BCD00899D5D /* Reporter.m */; };
		51C0BEFD0F187BCD00899D5D /* HTTPManager.m in Sources */ = {isa = PBXBuildFile; fileRef = 51C0BEFA0F187BCD00899D5D /* HTTPManager.m */; };
		51C0BF070F187CB200899D5D /* CoreLocation.framework in Frameworks */ = {isa = PBXBuildFile; fileRef = 51C0BF060F187CB200899D5D /* CoreLocation.framework */; };
		51C1C2130F1702170094456B /* MainMenu.xib in Resources */ = {isa = PBXBuildFile; fileRef = 51C1C2120F1702170094456B /* MainMenu.xib */; };
		51C1C2190F1703430094456B /* MainMenu.m in Sources */ = {isa = PBXBuildFile; fileRef = 51C1C2180F1703430094456B /* MainMenu.m */; };
		51C1C2420F1705E90094456B /* RegistrationView.m in Sources */ = {isa = PBXBuildFile; fileRef = 51C1C2410F1705E90094456B /* RegistrationView.m */; };
		51C5AEA80F17EAD3002BBBA8 /* AudioView.m in Sources */ = {isa = PBXBuildFile; fileRef = 51C5AEA60F17EAD3002BBBA8 /* AudioView.m */; };
		51C5B0380F17FB11002BBBA8 /* submit_photo.png in Resources */ = {isa = PBXBuildFile; fileRef = 51C5B0370F17FB11002BBBA8 /* submit_photo.png */; };
		51C5B03A0F17FB1A002BBBA8 /* submit_audio.png in Resources */ = {isa = PBXBuildFile; fileRef = 51C5B0390F17FB1A002BBBA8 /* submit_audio.png */; };
		51C5B03C0F17FB21002BBBA8 /* submit_text.png in Resources */ = {isa = PBXBuildFile; fileRef = 51C5B03B0F17FB21002BBBA8 /* submit_text.png */; };
/* End PBXBuildFile section */

/* Begin PBXFileReference section */
		1D30AB110D05D00D00671497 /* Foundation.framework */ = {isa = PBXFileReference; lastKnownFileType = wrapper.framework; name = Foundation.framework; path = System/Library/Frameworks/Foundation.framework; sourceTree = SDKROOT; };
		1D3623240D0F684500981E51 /* Inauguration_ReportAppDelegate.h */ = {isa = PBXFileReference; fileEncoding = 4; lastKnownFileType = sourcecode.c.h; path = Inauguration_ReportAppDelegate.h; sourceTree = "<group>"; };
		1D3623250D0F684500981E51 /* Inauguration_ReportAppDelegate.m */ = {isa = PBXFileReference; fileEncoding = 4; lastKnownFileType = sourcecode.c.objc; path = Inauguration_ReportAppDelegate.m; sourceTree = "<group>"; };
		1D6058910D05DD3D006BFB54 /* InaugReport.app */ = {isa = PBXFileReference; explicitFileType = wrapper.application; includeInIndex = 0; path = InaugReport.app; sourceTree = BUILT_PRODUCTS_DIR; };
		1DF5F4DF0D08C38300B7A737 /* UIKit.framework */ = {isa = PBXFileReference; lastKnownFileType = wrapper.framework; name = UIKit.framework; path = System/Library/Frameworks/UIKit.framework; sourceTree = SDKROOT; };
		288765070DF74369002DB57D /* CoreGraphics.framework */ = {isa = PBXFileReference; lastKnownFileType = wrapper.framework; name = CoreGraphics.framework; path = System/Library/Frameworks/CoreGraphics.framework; sourceTree = SDKROOT; };
		28A0AB4B0D9B1048005BE974 /* Inauguration_Report_Prefix.pch */ = {isa = PBXFileReference; fileEncoding = 4; lastKnownFileType = sourcecode.c.h; path = Inauguration_Report_Prefix.pch; sourceTree = "<group>"; };
		28AD73870D9D96C1002E5188 /* MainWindow.xib */ = {isa = PBXFileReference; lastKnownFileType = file.xib; path = MainWindow.xib; sourceTree = "<group>"; };
		29B97316FDCFA39411CA2CEA /* main.m */ = {isa = PBXFileReference; fileEncoding = 4; lastKnownFileType = sourcecode.c.objc; path = main.m; sourceTree = "<group>"; };
		51A038E50F1716D00084BE1A /* AudioToolbox.framework */ = {isa = PBXFileReference; lastKnownFileType = wrapper.framework; name = AudioToolbox.framework; path = System/Library/Frameworks/AudioToolbox.framework; sourceTree = SDKROOT; };
		51A038EA0F1716F00084BE1A /* QuartzCore.framework */ = {isa = PBXFileReference; lastKnownFileType = wrapper.framework; name = QuartzCore.framework; path = System/Library/Frameworks/QuartzCore.framework; sourceTree = SDKROOT; };
		51A0395D0F1725AA0084BE1A /* Constants.h */ = {isa = PBXFileReference; fileEncoding = 4; lastKnownFileType = sourcecode.c.h; name = Constants.h; path = Classes/Constants.h; sourceTree = "<group>"; };
		51A0395E0F1725C40084BE1A /* AudioPlayer.h */ = {isa = PBXFileReference; fileEncoding = 4; lastKnownFileType = sourcecode.c.h; name = AudioPlayer.h; path = Classes/AudioPlayer.h; sourceTree = "<group>"; };
		51A0395F0F1725C40084BE1A /* AudioPlayer.m */ = {isa = PBXFileReference; fileEncoding = 4; lastKnownFileType = sourcecode.c.objc; name = AudioPlayer.m; path = Classes/AudioPlayer.m; sourceTree = "<group>"; };
		51A039600F1725C40084BE1A /* AudioQueueObject.h */ = {isa = PBXFileReference; fileEncoding = 4; lastKnownFileType = sourcecode.c.h; name = AudioQueueObject.h; path = Classes/AudioQueueObject.h; sourceTree = "<group>"; };
		51A039610F1725C40084BE1A /* AudioQueueObject.m */ = {isa = PBXFileReference; fileEncoding = 4; lastKnownFileType = sourcecode.c.objc; name = AudioQueueObject.m; path = Classes/AudioQueueObject.m; sourceTree = "<group>"; };
		51A039620F1725C40084BE1A /* AudioRecorder.h */ = {isa = PBXFileReference; fileEncoding = 4; lastKnownFileType = sourcecode.c.h; name = AudioRecorder.h; path = Classes/AudioRecorder.h; sourceTree = "<group>"; };
		51A039630F1725C40084BE1A /* AudioRecorder.m */ = {isa = PBXFileReference; fileEncoding = 4; lastKnownFileType = sourcecode.c.objc; name = AudioRecorder.m; path = Classes/AudioRecorder.m; sourceTree = "<group>"; };
		51A039660F1725C40084BE1A /* CellButton.h */ = {isa = PBXFileReference; fileEncoding = 4; lastKnownFileType = sourcecode.c.h; name = CellButton.h; path = Classes/CellButton.h; sourceTree = "<group>"; };
		51A039670F1725C40084BE1A /* CellButton.m */ = {isa = PBXFileReference; fileEncoding = 4; lastKnownFileType = sourcecode.c.objc; name = CellButton.m; path = Classes/CellButton.m; sourceTree = "<group>"; };
		51A039680F1725C40084BE1A /* CellPicker.h */ = {isa = PBXFileReference; fileEncoding = 4; lastKnownFileType = sourcecode.c.h; name = CellPicker.h; path = Classes/CellPicker.h; sourceTree = "<group>"; };
		51A039690F1725C40084BE1A /* CellPicker.m */ = {isa = PBXFileReference; fileEncoding = 4; lastKnownFileType = sourcecode.c.objc; name = CellPicker.m; path = Classes/CellPicker.m; sourceTree = "<group>"; };
		51A0396A0F1725C40084BE1A /* CellSlider.h */ = {isa = PBXFileReference; fileEncoding = 4; lastKnownFileType = sourcecode.c.h; name = CellSlider.h; path = Classes/CellSlider.h; sourceTree = "<group>"; };
		51A0396B0F1725C40084BE1A /* CellSlider.m */ = {isa = PBXFileReference; fileEncoding = 4; lastKnownFileType = sourcecode.c.objc; name = CellSlider.m; path = Classes/CellSlider.m; sourceTree = "<group>"; };
		51A0396C0F1725C40084BE1A /* CellTextField.h */ = {isa = PBXFileReference; fileEncoding = 4; lastKnownFileType = sourcecode.c.h; name = CellTextField.h; path = Classes/CellTextField.h; sourceTree = "<group>"; };
		51A0396D0F1725C40084BE1A /* CellTextField.m */ = {isa = PBXFileReference; fileEncoding = 4; lastKnownFileType = sourcecode.c.objc; name = CellTextField.m; path = Classes/CellTextField.m; sourceTree = "<group>"; };
		51A0396E0F1725C40084BE1A /* CellTextView.h */ = {isa = PBXFileReference; fileEncoding = 4; lastKnownFileType = sourcecode.c.h; name = CellTextView.h; path = Classes/CellTextView.h; sourceTree = "<group>"; };
		51A0396F0F1725C40084BE1A /* CellTextView.m */ = {isa = PBXFileReference; fileEncoding = 4; lastKnownFileType = sourcecode.c.objc; name = CellTextView.m; path = Classes/CellTextView.m; sourceTree = "<group>"; };
		51A039790F1725D30084BE1A /* DisplayCell.h */ = {isa = PBXFileReference; fileEncoding = 4; lastKnownFileType = sourcecode.c.h; name = DisplayCell.h; path = Classes/DisplayCell.h; sourceTree = "<group>"; };
		51A0397A0F1725D30084BE1A /* DisplayCell.m */ = {isa = PBXFileReference; fileEncoding = 4; lastKnownFileType = sourcecode.c.objc; name = DisplayCell.m; path = Classes/DisplayCell.m; sourceTree = "<group>"; };
		51A0397B0F1725D30084BE1A /* DisplayCell2.h */ = {isa = PBXFileReference; fileEncoding = 4; lastKnownFileType = sourcecode.c.h; name = DisplayCell2.h; path = Classes/DisplayCell2.h; sourceTree = "<group>"; };
		51A0397C0F1725D30084BE1A /* DisplayCell2.m */ = {isa = PBXFileReference; fileEncoding = 4; lastKnownFileType = sourcecode.c.objc; name = DisplayCell2.m; path = Classes/DisplayCell2.m; sourceTree = "<group>"; };
		51A0397D0F1725D30084BE1A /* EditableTableViewCell.h */ = {isa = PBXFileReference; fileEncoding = 4; lastKnownFileType = sourcecode.c.h; name = EditableTableViewCell.h; path = Classes/EditableTableViewCell.h; sourceTree = "<group>"; };
		51A0397E0F1725D30084BE1A /* EditableTableViewCell.m */ = {isa = PBXFileReference; fileEncoding = 4; lastKnownFileType = sourcecode.c.objc; name = EditableTableViewCell.m; path = Classes/EditableTableViewCell.m; sourceTree = "<group>"; };
		51A039820F1725E30084BE1A /* SourceCell.h */ = {isa = PBXFileReference; fileEncoding = 4; lastKnownFileType = sourcecode.c.h; name = SourceCell.h; path = Classes/SourceCell.h; sourceTree = "<group>"; };
		51A039830F1725E30084BE1A /* SourceCell.m */ = {isa = PBXFileReference; fileEncoding = 4; lastKnownFileType = sourcecode.c.objc; name = SourceCell.m; path = Classes/SourceCell.m; sourceTree = "<group>"; };
		51A039850F17263B0084BE1A /* TextReportView.xib */ = {isa = PBXFileReference; lastKnownFileType = file.xib; path = TextReportView.xib; sourceTree = "<group>"; };
		51A039870F1726420084BE1A /* PhotoReportView.xib */ = {isa = PBXFileReference; lastKnownFileType = file.xib; path = PhotoReportView.xib; sourceTree = "<group>"; };
		51A039890F1726490084BE1A /* AudioReportView.xib */ = {isa = PBXFileReference; lastKnownFileType = file.xib; path = AudioReportView.xib; sourceTree = "<group>"; };
		51A0398B0F17267D0084BE1A /* TextReportView.h */ = {isa = PBXFileReference; fileEncoding = 4; lastKnownFileType = sourcecode.c.h; path = TextReportView.h; sourceTree = "<group>"; };
		51A0398C0F17267D0084BE1A /* TextReportView.m */ = {isa = PBXFileReference; fileEncoding = 4; lastKnownFileType = sourcecode.c.objc; path = TextReportView.m; sourceTree = "<group>"; };
		51A0398E0F17268D0084BE1A /* AudioReportView.h */ = {isa = PBXFileReference; fileEncoding = 4; lastKnownFileType = sourcecode.c.h; path = AudioReportView.h; sourceTree = "<group>"; };
		51A0398F0F17268D0084BE1A /* AudioReportView.m */ = {isa = PBXFileReference; fileEncoding = 4; lastKnownFileType = sourcecode.c.objc; path = AudioReportView.m; sourceTree = "<group>"; };
		51A039910F17269A0084BE1A /* PhotoReportView.h */ = {isa = PBXFileReference; fileEncoding = 4; lastKnownFileType = sourcecode.c.h; path = PhotoReportView.h; sourceTree = "<group>"; };
		51A039920F17269A0084BE1A /* PhotoReportView.m */ = {isa = PBXFileReference; fileEncoding = 4; lastKnownFileType = sourcecode.c.objc; path = PhotoReportView.m; sourceTree = "<group>"; };
		51A03A580F1737950084BE1A /* Post.h */ = {isa = PBXFileReference; fileEncoding = 4; lastKnownFileType = sourcecode.c.h; name = Post.h; path = Classes/Post.h; sourceTree = "<group>"; };
		51A03A590F1737950084BE1A /* Post.m */ = {isa = PBXFileReference; fileEncoding = 4; lastKnownFileType = sourcecode.c.objc; name = Post.m; path = Classes/Post.m; sourceTree = "<group>"; };
		51A03A610F1737E00084BE1A /* DbHelper.h */ = {isa = PBXFileReference; fileEncoding = 4; lastKnownFileType = sourcecode.c.h; name = DbHelper.h; path = Classes/DbHelper.h; sourceTree = "<group>"; };
		51A03A620F1737E00084BE1A /* DbHelper.m */ = {isa = PBXFileReference; fileEncoding = 4; lastKnownFileType = sourcecode.c.objc; name = DbHelper.m; path = Classes/DbHelper.m; sourceTree = "<group>"; };
		51A03A640F1738070084BE1A /* libsqlite3.0.dylib */ = {isa = PBXFileReference; lastKnownFileType = "compiled.mach-o.dylib"; path = libsqlite3.0.dylib; sourceTree = "<group>"; };
		51A03A660F17381A0084BE1A /* inaugreportdb.sqlite */ = {isa = PBXFileReference; lastKnownFileType = file; path = inaugreportdb.sqlite; sourceTree = "<group>"; };
		51A03A680F1738B10084BE1A /* ReportListView.m */ = {isa = PBXFileReference; fileEncoding = 4; lastKnownFileType = sourcecode.c.objc; path = ReportListView.m; sourceTree = "<group>"; };
		51A03A690F1738B10084BE1A /* ReportListView.h */ = {isa = PBXFileReference; fileEncoding = 4; lastKnownFileType = sourcecode.c.h; path = ReportListView.h; sourceTree = "<group>"; };
		51A03A710F1739640084BE1A /* PostTableCell.h */ = {isa = PBXFileReference; fileEncoding = 4; lastKnownFileType = sourcecode.c.h; name = PostTableCell.h; path = Classes/PostTableCell.h; sourceTree = "<group>"; };
		51A03A720F1739640084BE1A /* PostTableCell.m */ = {isa = PBXFileReference; fileEncoding = 4; lastKnownFileType = sourcecode.c.objc; name = PostTableCell.m; path = Classes/PostTableCell.m; sourceTree = "<group>"; };
		51A03A730F1739640084BE1A /* PostTableCellView.h */ = {isa = PBXFileReference; fileEncoding = 4; lastKnownFileType = sourcecode.c.h; name = PostTableCellView.h; path = Classes/PostTableCellView.h; sourceTree = "<group>"; };
		51A03A740F1739640084BE1A /* PostTableCellView.m */ = {isa = PBXFileReference; fileEncoding = 4; lastKnownFileType = sourcecode.c.objc; name = PostTableCellView.m; path = Classes/PostTableCellView.m; sourceTree = "<group>"; };
		51A03A860F1739FB0084BE1A /* BlogProxy.h */ = {isa = PBXFileReference; fileEncoding = 4; lastKnownFileType = sourcecode.c.h; name = BlogProxy.h; path = Classes/BlogProxy.h; sourceTree = "<group>"; };
		51A03A870F1739FB0084BE1A /* BlogProxy.m */ = {isa = PBXFileReference; fileEncoding = 4; lastKnownFileType = sourcecode.c.objc; name = BlogProxy.m; path = Classes/BlogProxy.m; sourceTree = "<group>"; };
		51A03A880F1739FB0084BE1A /* BlogThread.h */ = {isa = PBXFileReference; fileEncoding = 4; lastKnownFileType = sourcecode.c.h; name = BlogThread.h; path = Classes/BlogThread.h; sourceTree = "<group>"; };
		51A03A890F1739FB0084BE1A /* BlogThread.m */ = {isa = PBXFileReference; fileEncoding = 4; lastKnownFileType = sourcecode.c.objc; name = BlogThread.m; path = Classes/BlogThread.m; sourceTree = "<group>"; };
		51A03A8C0F173A0D0084BE1A /* Util.h */ = {isa = PBXFileReference; fileEncoding = 4; lastKnownFileType = sourcecode.c.h; name = Util.h; path = Classes/Util.h; sourceTree = "<group>"; };
		51A03A8D0F173A0D0084BE1A /* Util.m */ = {isa = PBXFileReference; fileEncoding = 4; lastKnownFileType = sourcecode.c.objc; name = Util.m; path = Classes/Util.m; sourceTree = "<group>"; };
		51A03B720F1745080084BE1A /* done.png */ = {isa = PBXFileReference; lastKnownFileType = image.png; path = done.png; sourceTree = "<group>"; };
		51A03B740F1745120084BE1A /* hourglass.png */ = {isa = PBXFileReference; lastKnownFileType = image.png; path = hourglass.png; sourceTree = "<group>"; };
		51A03B780F1745250084BE1A /* txt_entry.png */ = {isa = PBXFileReference; lastKnownFileType = image.png; path = txt_entry.png; sourceTree = "<group>"; };
		51A03CF80F1756C90084BE1A /* soundbar_mono.png */ = {isa = PBXFileReference; lastKnownFileType = image.png; path = soundbar_mono.png; sourceTree = "<group>"; };
		51A03CF90F1756C90084BE1A /* soundbar_plate_mono.png */ = {isa = PBXFileReference; lastKnownFileType = image.png; path = soundbar_plate_mono.png; sourceTree = "<group>"; };
		51C0BB070F180F2300899D5D /* Icon.png */ = {isa = PBXFileReference; lastKnownFileType = image.png; path = Icon.png; sourceTree = "<group>"; };
		51C0BB0A0F180F5200899D5D /* Default.png */ = {isa = PBXFileReference; lastKnownFileType = image.png; path = Default.png; sourceTree = "<group>"; };
		51C0BBF40F18390700899D5D /* CreditView.xib */ = {isa = PBXFileReference; lastKnownFileType = file.xib; path = CreditView.xib; sourceTree = "<group>"; };
		51C0BBF60F18392B00899D5D /* CreditView.h */ = {isa = PBXFileReference; fileEncoding = 4; lastKnownFileType = sourcecode.c.h; path = CreditView.h; sourceTree = "<group>"; };
		51C0BBF70F18392B00899D5D /* CreditView.m */ = {isa = PBXFileReference; fileEncoding = 4; lastKnownFileType = sourcecode.c.objc; path = CreditView.m; sourceTree = "<group>"; };
		51C0BCA10F1849AD00899D5D /* inaug_report_no_seal_.png */ = {isa = PBXFileReference; lastKnownFileType = image.png; path = inaug_report_no_seal_.png; sourceTree = "<group>"; };
		51C0BCA80F1853C000899D5D /* inaug_report_no_txt_.png */ = {isa = PBXFileReference; lastKnownFileType = image.png; path = inaug_report_no_txt_.png; sourceTree = "<group>"; };
		51C0BCAA0F1853E700899D5D /* submit.png */ = {isa = PBXFileReference; lastKnownFileType = image.png; path = submit.png; sourceTree = "<group>"; };
		51C0BCCE0F1855A400899D5D /* play.png */ = {isa = PBXFileReference; lastKnownFileType = image.png; path = play.png; sourceTree = "<group>"; };
		51C0BCD00F1855AC00899D5D /* record.png */ = {isa = PBXFileReference; lastKnownFileType = image.png; path = record.png; sourceTree = "<group>"; };
		51C0BCD20F1855B300899D5D /* stop.png */ = {isa = PBXFileReference; lastKnownFileType = image.png; path = stop.png; sourceTree = "<group>"; };
		51C0BCD40F1855B900899D5D /* pause.png */ = {isa = PBXFileReference; lastKnownFileType = image.png; path = pause.png; sourceTree = "<group>"; };
		51C0BD200F1857FC00899D5D /* back.png */ = {isa = PBXFileReference; lastKnownFileType = image.png; path = back.png; sourceTree = "<group>"; };
		51C0BD210F1857FC00899D5D /* cancel.png */ = {isa = PBXFileReference; lastKnownFileType = image.png; path = cancel.png; sourceTree = "<group>"; };
		51C0BD240F18580A00899D5D /* register.png */ = {isa = PBXFileReference; lastKnownFileType = image.png; path = register.png; sourceTree = "<group>"; };
		51C0BD250F18580A00899D5D /* save.png */ = {isa = PBXFileReference; lastKnownFileType = image.png; path = save.png; sourceTree = "<group>"; };
		51C0BD7C0F185B6000899D5D /* RegistrationView.xib */ = {isa = PBXFileReference; lastKnownFileType = file.xib; path = RegistrationView.xib; sourceTree = "<group>"; };
		51C0BDA30F185D1000899D5D /* inaug_report_plain.png */ = {isa = PBXFileReference; lastKnownFileType = image.png; path = inaug_report_plain.png; sourceTree = "<group>"; };
		51C0BDAB0F185E5600899D5D /* f_name.png */ = {isa = PBXFileReference; lastKnownFileType = image.png; path = f_name.png; sourceTree = "<group>"; };
		51C0BDE80F18644E00899D5D /* l_name.png */ = {isa = PBXFileReference; lastKnownFileType = image.png; path = l_name.png; sourceTree = "<group>"; };
		51C0BDEA0F18645600899D5D /* email.png */ = {isa = PBXFileReference; lastKnownFileType = image.png; path = email.png; sourceTree = "<group>"; };
		51C0BDEC0F18645E00899D5D /* zip.png */ = {isa = PBXFileReference; lastKnownFileType = image.png; path = zip.png; sourceTree = "<group>"; };
		51C0BEF80F187BCD00899D5D /* Reporter.m */ = {isa = PBXFileReference; fileEncoding = 4; lastKnownFileType = sourcecode.c.objc; name = Reporter.m; path = Classes/Reporter.m; sourceTree = "<group>"; };
		51C0BEF90F187BCD00899D5D /* Reporter.h */ = {isa = PBXFileReference; fileEncoding = 4; lastKnownFileType = sourcecode.c.h; name = Reporter.h; path = Classes/Reporter.h; sourceTree = "<group>"; };
		51C0BEFA0F187BCD00899D5D /* HTTPManager.m */ = {isa = PBXFileReference; fileEncoding = 4; lastKnownFileType = sourcecode.c.objc; name = HTTPManager.m; path = Classes/HTTPManager.m; sourceTree = "<group>"; };
		51C0BEFB0F187BCD00899D5D /* HTTPManager.h */ = {isa = PBXFileReference; fileEncoding = 4; lastKnownFileType = sourcecode.c.h; name = HTTPManager.h; path = Classes/HTTPManager.h; sourceTree = "<group>"; };
		51C0BF060F187CB200899D5D /* CoreLocation.framework */ = {isa = PBXFileReference; lastKnownFileType = wrapper.framework; name = CoreLocation.framework; path = System/Library/Frameworks/CoreLocation.framework; sourceTree = SDKROOT; };
		51C1C2120F1702170094456B /* MainMenu.xib */ = {isa = PBXFileReference; lastKnownFileType = file.xib; path = MainMenu.xib; sourceTree = "<group>"; };
		51C1C2170F1703430094456B /* MainMenu.h */ = {isa = PBXFileReference; fileEncoding = 4; lastKnownFileType = sourcecode.c.h; path = MainMenu.h; sourceTree = "<group>"; };
		51C1C2180F1703430094456B /* MainMenu.m */ = {isa = PBXFileReference; fileEncoding = 4; lastKnownFileType = sourcecode.c.objc; path = MainMenu.m; sourceTree = "<group>"; };
		51C1C2400F1705E90094456B /* RegistrationView.h */ = {isa = PBXFileReference; fileEncoding = 4; lastKnownFileType = sourcecode.c.h; path = RegistrationView.h; sourceTree = "<group>"; };
		51C1C2410F1705E90094456B /* RegistrationView.m */ = {isa = PBXFileReference; fileEncoding = 4; lastKnownFileType = sourcecode.c.objc; path = RegistrationView.m; sourceTree = "<group>"; };
		51C5AEA60F17EAD3002BBBA8 /* AudioView.m */ = {isa = PBXFileReference; fileEncoding = 4; lastKnownFileType = sourcecode.c.objc; path = AudioView.m; sourceTree = "<group>"; };
		51C5AEA70F17EAD3002BBBA8 /* AudioView.h */ = {isa = PBXFileReference; fileEncoding = 4; lastKnownFileType = sourcecode.c.h; path = AudioView.h; sourceTree = "<group>"; };
		51C5B0370F17FB11002BBBA8 /* submit_photo.png */ = {isa = PBXFileReference; lastKnownFileType = image.png; path = submit_photo.png; sourceTree = "<group>"; };
		51C5B0390F17FB1A002BBBA8 /* submit_audio.png */ = {isa = PBXFileReference; lastKnownFileType = image.png; path = submit_audio.png; sourceTree = "<group>"; };
		51C5B03B0F17FB21002BBBA8 /* submit_text.png */ = {isa = PBXFileReference; lastKnownFileType = image.png; path = submit_text.png; sourceTree = "<group>"; };
		8D1107310486CEB800E47090 /* Info.plist */ = {isa = PBXFileReference; fileEncoding = 4; lastKnownFileType = text.plist.xml; path = Info.plist; sourceTree = "<group>"; };
/* End PBXFileReference section */

/* Begin PBXFrameworksBuildPhase section */
		1D60588F0D05DD3D006BFB54 /* Frameworks */ = {
			isa = PBXFrameworksBuildPhase;
			buildActionMask = 2147483647;
			files = (
				1D60589F0D05DD5A006BFB54 /* Foundation.framework in Frameworks */,
				1DF5F4E00D08C38300B7A737 /* UIKit.framework in Frameworks */,
				288765080DF74369002DB57D /* CoreGraphics.framework in Frameworks */,
				51A038E60F1716D00084BE1A /* AudioToolbox.framework in Frameworks */,
				51A038EB0F1716F00084BE1A /* QuartzCore.framework in Frameworks */,
				51A03A650F1738070084BE1A /* libsqlite3.0.dylib in Frameworks */,
				51C0BF070F187CB200899D5D /* CoreLocation.framework in Frameworks */,
			);
			runOnlyForDeploymentPostprocessing = 0;
		};
/* End PBXFrameworksBuildPhase section */

/* Begin PBXGroup section */
		080E96DDFE201D6D7F000001 /* Classes */ = {
			isa = PBXGroup;
			children = (
				51C5AEA60F17EAD3002BBBA8 /* AudioView.m */,
				51C5AEA70F17EAD3002BBBA8 /* AudioView.h */,
				51A03A680F1738B10084BE1A /* ReportListView.m */,
				51A03A690F1738B10084BE1A /* ReportListView.h */,
				1D3623240D0F684500981E51 /* Inauguration_ReportAppDelegate.h */,
				1D3623250D0F684500981E51 /* Inauguration_ReportAppDelegate.m */,
				51C1C2170F1703430094456B /* MainMenu.h */,
				51C1C2180F1703430094456B /* MainMenu.m */,
				51C1C2400F1705E90094456B /* RegistrationView.h */,
				51C1C2410F1705E90094456B /* RegistrationView.m */,
				51A0398B0F17267D0084BE1A /* TextReportView.h */,
				51A0398C0F17267D0084BE1A /* TextReportView.m */,
				51A0398E0F17268D0084BE1A /* AudioReportView.h */,
				51A0398F0F17268D0084BE1A /* AudioReportView.m */,
				51A039910F17269A0084BE1A /* PhotoReportView.h */,
				51A039920F17269A0084BE1A /* PhotoReportView.m */,
				51C0BBF60F18392B00899D5D /* CreditView.h */,
				51C0BBF70F18392B00899D5D /* CreditView.m */,
			);
			path = Classes;
			sourceTree = "<group>";
		};
		19C28FACFE9D520D11CA2CBB /* Products */ = {
			isa = PBXGroup;
			children = (
				1D6058910D05DD3D006BFB54 /* InaugReport.app */,
			);
			name = Products;
			sourceTree = "<group>";
		};
		29B97314FDCFA39411CA2CEA /* Inauguration Report */ = {
			isa = PBXGroup;
			children = (
				51A03A5B0F1737AB0084BE1A /* Helper */,
				51A03A540F17375C0084BE1A /* Model */,
				51A038A50F1715BC0084BE1A /* TableCells */,
				080E96DDFE201D6D7F000001 /* Classes */,
				29B97315FDCFA39411CA2CEA /* Other Sources */,
				29B97317FDCFA39411CA2CEA /* Resources */,
				29B97323FDCFA39411CA2CEA /* Frameworks */,
				19C28FACFE9D520D11CA2CBB /* Products */,
			);
			name = "Inauguration Report";
			sourceTree = "<group>";
		};
		29B97315FDCFA39411CA2CEA /* Other Sources */ = {
			isa = PBXGroup;
			children = (
				51A0395D0F1725AA0084BE1A /* Constants.h */,
				28A0AB4B0D9B1048005BE974 /* Inauguration_Report_Prefix.pch */,
				29B97316FDCFA39411CA2CEA /* main.m */,
			);
			name = "Other Sources";
			sourceTree = "<group>";
		};
		29B97317FDCFA39411CA2CEA /* Resources */ = {
			isa = PBXGroup;
			children = (
				51A03B320F1742680084BE1A /* Images */,
				51A03A660F17381A0084BE1A /* inaugreportdb.sqlite */,
				51C0BBF40F18390700899D5D /* CreditView.xib */,
				51A039870F1726420084BE1A /* PhotoReportView.xib */,
				51A039890F1726490084BE1A /* AudioReportView.xib */,
				51A039850F17263B0084BE1A /* TextReportView.xib */,
				51C1C2120F1702170094456B /* MainMenu.xib */,
				28AD73870D9D96C1002E5188 /* MainWindow.xib */,
				51C0BD7C0F185B6000899D5D /* RegistrationView.xib */,
				8D1107310486CEB800E47090 /* Info.plist */,
			);
			name = Resources;
			sourceTree = "<group>";
		};
		29B97323FDCFA39411CA2CEA /* Frameworks */ = {
			isa = PBXGroup;
			children = (
				51C0BF060F187CB200899D5D /* CoreLocation.framework */,
				51A03A640F1738070084BE1A /* libsqlite3.0.dylib */,
				51A038EA0F1716F00084BE1A /* QuartzCore.framework */,
				51A038E50F1716D00084BE1A /* AudioToolbox.framework */,
				1DF5F4DF0D08C38300B7A737 /* UIKit.framework */,
				1D30AB110D05D00D00671497 /* Foundation.framework */,
				288765070DF74369002DB57D /* CoreGraphics.framework */,
			);
			name = Frameworks;
			sourceTree = "<group>";
		};
		51A038A50F1715BC0084BE1A /* TableCells */ = {
			isa = PBXGroup;
			children = (
				51A03A710F1739640084BE1A /* PostTableCell.h */,
				51A03A720F1739640084BE1A /* PostTableCell.m */,
				51A03A730F1739640084BE1A /* PostTableCellView.h */,
				51A03A740F1739640084BE1A /* PostTableCellView.m */,
				51A039820F1725E30084BE1A /* SourceCell.h */,
				51A039830F1725E30084BE1A /* SourceCell.m */,
				51A039790F1725D30084BE1A /* DisplayCell.h */,
				51A0397A0F1725D30084BE1A /* DisplayCell.m */,
				51A0397B0F1725D30084BE1A /* DisplayCell2.h */,
				51A0397C0F1725D30084BE1A /* DisplayCell2.m */,
				51A0397D0F1725D30084BE1A /* EditableTableViewCell.h */,
				51A0397E0F1725D30084BE1A /* EditableTableViewCell.m */,
				51A0395E0F1725C40084BE1A /* AudioPlayer.h */,
				51A0395F0F1725C40084BE1A /* AudioPlayer.m */,
				51A039600F1725C40084BE1A /* AudioQueueObject.h */,
				51A039610F1725C40084BE1A /* AudioQueueObject.m */,
				51A039620F1725C40084BE1A /* AudioRecorder.h */,
				51A039630F1725C40084BE1A /* AudioRecorder.m */,
				51A039660F1725C40084BE1A /* CellButton.h */,
				51A039670F1725C40084BE1A /* CellButton.m */,
				51A039680F1725C40084BE1A /* CellPicker.h */,
				51A039690F1725C40084BE1A /* CellPicker.m */,
				51A0396A0F1725C40084BE1A /* CellSlider.h */,
				51A0396B0F1725C40084BE1A /* CellSlider.m */,
				51A0396C0F1725C40084BE1A /* CellTextField.h */,
				51A0396D0F1725C40084BE1A /* CellTextField.m */,
				51A0396E0F1725C40084BE1A /* CellTextView.h */,
				51A0396F0F1725C40084BE1A /* CellTextView.m */,
			);
			name = TableCells;
			sourceTree = "<group>";
		};
		51A03A540F17375C0084BE1A /* Model */ = {
			isa = PBXGroup;
			children = (
				51A03A580F1737950084BE1A /* Post.h */,
				51A03A590F1737950084BE1A /* Post.m */,
			);
			name = Model;
			sourceTree = "<group>";
		};
		51A03A5B0F1737AB0084BE1A /* Helper */ = {
			isa = PBXGroup;
			children = (
				51C0BEF80F187BCD00899D5D /* Reporter.m */,
				51C0BEF90F187BCD00899D5D /* Reporter.h */,
				51C0BEFA0F187BCD00899D5D /* HTTPManager.m */,
				51C0BEFB0F187BCD00899D5D /* HTTPManager.h */,
				51A03A8C0F173A0D0084BE1A /* Util.h */,
				51A03A8D0F173A0D0084BE1A /* Util.m */,
				51A03A860F1739FB0084BE1A /* BlogProxy.h */,
				51A03A870F1739FB0084BE1A /* BlogProxy.m */,
				51A03A880F1739FB0084BE1A /* BlogThread.h */,
				51A03A890F1739FB0084BE1A /* BlogThread.m */,
				51A03A610F1737E00084BE1A /* DbHelper.h */,
				51A03A620F1737E00084BE1A /* DbHelper.m */,
			);
			name = Helper;
			sourceTree = "<group>";
		};
		51A03B320F1742680084BE1A /* Images */ = {
			isa = PBXGroup;
			children = (
				51C0BDAB0F185E5600899D5D /* f_name.png */,
				51C0BDE80F18644E00899D5D /* l_name.png */,
				51C0BDEA0F18645600899D5D /* email.png */,
				51C0BDEC0F18645E00899D5D /* zip.png */,
				51C0BD240F18580A00899D5D /* register.png */,
				51C0BD250F18580A00899D5D /* save.png */,
				51C0BD200F1857FC00899D5D /* back.png */,
				51C0BD210F1857FC00899D5D /* cancel.png */,
				51C0BCCE0F1855A400899D5D /* play.png */,
				51C0BCD00F1855AC00899D5D /* record.png */,
				51C0BCD20F1855B300899D5D /* stop.png */,
				51C0BCD40F1855B900899D5D /* pause.png */,
				51C0BCA80F1853C000899D5D /* inaug_report_no_txt_.png */,
				51C0BCA10F1849AD00899D5D /* inaug_report_no_seal_.png */,
				51C0BDA30F185D1000899D5D /* inaug_report_plain.png */,
				51C0BB0A0F180F5200899D5D /* Default.png */,
				51C0BB070F180F2300899D5D /* Icon.png */,
				51C0BCAA0F1853E700899D5D /* submit.png */,
				51C5B0370F17FB11002BBBA8 /* submit_photo.png */,
				51C5B0390F17FB1A002BBBA8 /* submit_audio.png */,
				51C5B03B0F17FB21002BBBA8 /* submit_text.png */,
				51A03CF80F1756C90084BE1A /* soundbar_mono.png */,
				51A03CF90F1756C90084BE1A /* soundbar_plate_mono.png */,
				51A03B780F1745250084BE1A /* txt_entry.png */,
				51A03B740F1745120084BE1A /* hourglass.png */,
				51A03B720F1745080084BE1A /* done.png */,
			);
			name = Images;
			sourceTree = "<group>";
		};
/* End PBXGroup section */

/* Begin PBXNativeTarget section */
		1D6058900D05DD3D006BFB54 /* Inauguration Report */ = {
			isa = PBXNativeTarget;
			buildConfigurationList = 1D6058960D05DD3E006BFB54 /* Build configuration list for PBXNativeTarget "Inauguration Report" */;
			buildPhases = (
				1D60588D0D05DD3D006BFB54 /* Resources */,
				1D60588E0D05DD3D006BFB54 /* Sources */,
				1D60588F0D05DD3D006BFB54 /* Frameworks */,
			);
			buildRules = (
			);
			dependencies = (
			);
			name = "Inauguration Report";
			productName = "Inauguration Report";
			productReference = 1D6058910D05DD3D006BFB54 /* InaugReport.app */;
			productType = "com.apple.product-type.application";
		};
/* End PBXNativeTarget section */

/* Begin PBXProject section */
		29B97313FDCFA39411CA2CEA /* Project object */ = {
			isa = PBXProject;
			buildConfigurationList = C01FCF4E08A954540054247B /* Build configuration list for PBXProject "Inauguration Report" */;
			compatibilityVersion = "Xcode 3.1";
			hasScannedForEncodings = 1;
			mainGroup = 29B97314FDCFA39411CA2CEA /* Inauguration Report */;
			projectDirPath = "";
			projectRoot = "";
			targets = (
				1D6058900D05DD3D006BFB54 /* Inauguration Report */,
			);
		};
/* End PBXProject section */

/* Begin PBXResourcesBuildPhase section */
		1D60588D0D05DD3D006BFB54 /* Resources */ = {
			isa = PBXResourcesBuildPhase;
			buildActionMask = 2147483647;
			files = (
				28AD73880D9D96C1002E5188 /* MainWindow.xib in Resources */,
				51C1C2130F1702170094456B /* MainMenu.xib in Resources */,
				51A039860F17263B0084BE1A /* TextReportView.xib in Resources */,
				51A039880F1726420084BE1A /* PhotoReportView.xib in Resources */,
				51A0398A0F1726490084BE1A /* AudioReportView.xib in Resources */,
				51A03A670F17381A0084BE1A /* inaugreportdb.sqlite in Resources */,
				51A03B730F1745080084BE1A /* done.png in Resources */,
				51A03B750F1745120084BE1A /* hourglass.png in Resources */,
				51A03B790F1745250084BE1A /* txt_entry.png in Resources */,
				51A03CFA0F1756C90084BE1A /* soundbar_mono.png in Resources */,
				51A03CFB0F1756C90084BE1A /* soundbar_plate_mono.png in Resources */,
				51C5B0380F17FB11002BBBA8 /* submit_photo.png in Resources */,
				51C5B03A0F17FB1A002BBBA8 /* submit_audio.png in Resources */,
				51C5B03C0F17FB21002BBBA8 /* submit_text.png in Resources */,
				51C0BB080F180F2300899D5D /* Icon.png in Resources */,
				51C0BB0B0F180F5200899D5D /* Default.png in Resources */,
				51C0BBF50F18390700899D5D /* CreditView.xib in Resources */,
				51C0BCA20F1849AD00899D5D /* inaug_report_no_seal_.png in Resources */,
				51C0BCA90F1853C000899D5D /* inaug_report_no_txt_.png in Resources */,
				51C0BCAB0F1853E700899D5D /* submit.png in Resources */,
				51C0BCCF0F1855A400899D5D /* play.png in Resources */,
				51C0BCD10F1855AC00899D5D /* record.png in Resources */,
				51C0BCD30F1855B300899D5D /* stop.png in Resources */,
				51C0BCD50F1855B900899D5D /* pause.png in Resources */,
				51C0BD220F1857FC00899D5D /* back.png in Resources */,
				51C0BD230F1857FC00899D5D /* cancel.png in Resources */,
				51C0BD260F18580A00899D5D /* register.png in Resources */,
				51C0BD270F18580A00899D5D /* save.png in Resources */,
				51C0BD7D0F185B6000899D5D /* RegistrationView.xib in Resources */,
				51C0BDA40F185D1000899D5D /* inaug_report_plain.png in Resources */,
				51C0BDAC0F185E5600899D5D /* f_name.png in Resources */,
				51C0BDE90F18644E00899D5D /* l_name.png in Resources */,
				51C0BDEB0F18645600899D5D /* email.png in Resources */,
				51C0BDED0F18645E00899D5D /* zip.png in Resources */,
			);
			runOnlyForDeploymentPostprocessing = 0;
		};
/* End PBXResourcesBuildPhase section */

/* Begin PBXSourcesBuildPhase section */
		1D60588E0D05DD3D006BFB54 /* Sources */ = {
			isa = PBXSourcesBuildPhase;
			buildActionMask = 2147483647;
			files = (
				1D60589B0D05DD56006BFB54 /* main.m in Sources */,
				1D3623260D0F684500981E51 /* Inauguration_ReportAppDelegate.m in Sources */,
				51C1C2190F1703430094456B /* MainMenu.m in Sources */,
				51C1C2420F1705E90094456B /* RegistrationView.m in Sources */,
				51A039700F1725C40084BE1A /* AudioPlayer.m in Sources */,
				51A039710F1725C40084BE1A /* AudioQueueObject.m in Sources */,
				51A039720F1725C40084BE1A /* AudioRecorder.m in Sources */,
				51A039740F1725C40084BE1A /* CellButton.m in Sources */,
				51A039750F1725C40084BE1A /* CellPicker.m in Sources */,
				51A039760F1725C40084BE1A /* CellSlider.m in Sources */,
				51A039770F1725C40084BE1A /* CellTextField.m in Sources */,
				51A039780F1725C40084BE1A /* CellTextView.m in Sources */,
				51A0397F0F1725D30084BE1A /* DisplayCell.m in Sources */,
				51A039800F1725D30084BE1A /* DisplayCell2.m in Sources */,
				51A039810F1725D30084BE1A /* EditableTableViewCell.m in Sources */,
				51A039840F1725E30084BE1A /* SourceCell.m in Sources */,
				51A0398D0F17267D0084BE1A /* TextReportView.m in Sources */,
				51A039900F17268D0084BE1A /* AudioReportView.m in Sources */,
				51A039930F17269A0084BE1A /* PhotoReportView.m in Sources */,
				51A03A5A0F1737950084BE1A /* Post.m in Sources */,
				51A03A630F1737E00084BE1A /* DbHelper.m in Sources */,
				51A03A6A0F1738B10084BE1A /* ReportListView.m in Sources */,
				51A03A750F1739640084BE1A /* PostTableCell.m in Sources */,
				51A03A760F1739640084BE1A /* PostTableCellView.m in Sources */,
				51A03A8A0F1739FB0084BE1A /* BlogProxy.m in Sources */,
				51A03A8B0F1739FB0084BE1A /* BlogThread.m in Sources */,
				51A03A8E0F173A0D0084BE1A /* Util.m in Sources */,
				51C5AEA80F17EAD3002BBBA8 /* AudioView.m in Sources */,
				51C0BBF80F18392B00899D5D /* CreditView.m in Sources */,
				51C0BEFC0F187BCD00899D5D /* Reporter.m in Sources */,
				51C0BEFD0F187BCD00899D5D /* HTTPManager.m in Sources */,
			);
			runOnlyForDeploymentPostprocessing = 0;
		};
/* End PBXSourcesBuildPhase section */

/* Begin XCBuildConfiguration section */
		1D6058940D05DD3E006BFB54 /* Debug */ = {
			isa = XCBuildConfiguration;
			buildSettings = {
				ALWAYS_SEARCH_USER_PATHS = NO;
				"CODE_SIGN_IDENTITY[sdk=iphoneos*]" = "iPhone Developer: Sze Wong";
				COPY_PHASE_STRIP = NO;
				GCC_DYNAMIC_NO_PIC = NO;
				GCC_OPTIMIZATION_LEVEL = 0;
				GCC_PRECOMPILE_PREFIX_HEADER = YES;
				GCC_PREFIX_HEADER = Inauguration_Report_Prefix.pch;
				INFOPLIST_FILE = Info.plist;
				LIBRARY_SEARCH_PATHS = (
					"$(inherited)",
					"\"$(SRCROOT)\"",
				);
				PRODUCT_NAME = InaugReport;
				"PROVISIONING_PROFILE[sdk=iphoneos*]" = "5C47A760-DF91-4D03-B0C7-81AAFE639463";
			};
			name = Debug;
		};
		1D6058950D05DD3E006BFB54 /* Release */ = {
			isa = XCBuildConfiguration;
			buildSettings = {
				ALWAYS_SEARCH_USER_PATHS = NO;
				COPY_PHASE_STRIP = YES;
				GCC_PRECOMPILE_PREFIX_HEADER = YES;
				GCC_PREFIX_HEADER = Inauguration_Report_Prefix.pch;
				INFOPLIST_FILE = Info.plist;
				LIBRARY_SEARCH_PATHS = (
					"$(inherited)",
					"\"$(SRCROOT)\"",
				);
				PRODUCT_NAME = "Inauguration Report";
			};
			name = Release;
		};
		C01FCF4F08A954540054247B /* Debug */ = {
			isa = XCBuildConfiguration;
			buildSettings = {
				ARCHS = "$(ARCHS_STANDARD_32_BIT)";
				"CODE_SIGN_IDENTITY[sdk=iphoneos*]" = "iPhone Developer";
				GCC_C_LANGUAGE_STANDARD = c99;
				GCC_WARN_ABOUT_RETURN_TYPE = YES;
				GCC_WARN_UNUSED_VARIABLE = YES;
				ONLY_ACTIVE_ARCH = YES;
				PREBINDING = NO;
				SDKROOT = iphoneos2.2;
			};
			name = Debug;
		};
		C01FCF5008A954540054247B /* Release */ = {
			isa = XCBuildConfiguration;
			buildSettings = {
				ARCHS = "$(ARCHS_STANDARD_32_BIT)";
				"CODE_SIGN_IDENTITY[sdk=iphoneos*]" = "iPhone Developer";
				GCC_C_LANGUAGE_STANDARD = c99;
				GCC_WARN_ABOUT_RETURN_TYPE = YES;
				GCC_WARN_UNUSED_VARIABLE = YES;
				PREBINDING = NO;
				SDKROOT = iphoneos2.2;
			};
			name = Release;
		};
/* End XCBuildConfiguration section */

/* Begin XCConfigurationList section */
		1D6058960D05DD3E006BFB54 /* Build configuration list for PBXNativeTarget "Inauguration Report" */ = {
			isa = XCConfigurationList;
			buildConfigurations = (
				1D6058940D05DD3E006BFB54 /* Debug */,
				1D6058950D05DD3E006BFB54 /* Release */,
			);
			defaultConfigurationIsVisible = 0;
			defaultConfigurationName = Release;
		};
		C01FCF4E08A954540054247B /* Build configuration list for PBXProject "Inauguration Report" */ = {
			isa = XCConfigurationList;
			buildConfigurations = (
				C01FCF4F08A954540054247B /* Debug */,
				C01FCF5008A954540054247B /* Release */,
			);
			defaultConfigurationIsVisible = 0;
			defaultConfigurationName = Release;
		};
/* End XCConfigurationList section */
	};
	rootObject = 29B97313FDCFA39411CA2CEA /* Project object */;
}
